// !$*UTF8*$!
{
	archiveVersion = 1;
	classes = {
	};
	objectVersion = 46;
	objects = {

/* Begin PBXBuildFile section */
		7C7EDDFA1D80959E0078B04C /* AppDelegate.swift in Sources */ = {isa = PBXBuildFile; fileRef = 7C7EDDF91D80959E0078B04C /* AppDelegate.swift */; };
		7C7EDDFF1D80959E0078B04C /* Main.storyboard in Resources */ = {isa = PBXBuildFile; fileRef = 7C7EDDFD1D80959E0078B04C /* Main.storyboard */; };
		7C7EDE011D80959E0078B04C /* Assets.xcassets in Resources */ = {isa = PBXBuildFile; fileRef = 7C7EDE001D80959E0078B04C /* Assets.xcassets */; };
		7C7EDE041D80959E0078B04C /* LaunchScreen.storyboard in Resources */ = {isa = PBXBuildFile; fileRef = 7C7EDE021D80959E0078B04C /* LaunchScreen.storyboard */; };
		7C7EDE0C1D8096320078B04C /* ProvincesViewController.swift in Sources */ = {isa = PBXBuildFile; fileRef = 7C7EDE0B1D8096320078B04C /* ProvincesViewController.swift */; };
		7C7EDE111D8099310078B04C /* Colors.swift in Sources */ = {isa = PBXBuildFile; fileRef = 7C7EDE101D8099310078B04C /* Colors.swift */; };
		7C7EDE131D809A6D0078B04C /* Fonts.swift in Sources */ = {isa = PBXBuildFile; fileRef = 7C7EDE121D809A6D0078B04C /* Fonts.swift */; };
		7C7EDE151D80E34D0078B04C /* QuestionViewController.swift in Sources */ = {isa = PBXBuildFile; fileRef = 7C7EDE141D80E34D0078B04C /* QuestionViewController.swift */; };
		7C7EDE171D80E3B10078B04C /* NumberQuestionsViewController.swift in Sources */ = {isa = PBXBuildFile; fileRef = 7C7EDE161D80E3B10078B04C /* NumberQuestionsViewController.swift */; };
		7CE2F6101D8381940043D3D1 /* AlbertaQuestions.plist in Resources */ = {isa = PBXBuildFile; fileRef = 7CE2F60F1D8381940043D3D1 /* AlbertaQuestions.plist */; };
		7CE2F6141D84D6670043D3D1 /* ScoreViewController.swift in Sources */ = {isa = PBXBuildFile; fileRef = 7CE2F6131D84D6670043D3D1 /* ScoreViewController.swift */; };
		7CE2F6161D84E2D60043D3D1 /* CounterView.swift in Sources */ = {isa = PBXBuildFile; fileRef = 7CE2F6151D84E2D60043D3D1 /* CounterView.swift */; };
		7CE2F6181D85D8E50043D3D1 /* BritishColumbiaQuestions.plist in Resources */ = {isa = PBXBuildFile; fileRef = 7CE2F6171D85D8E50043D3D1 /* BritishColumbiaQuestions.plist */; };
		7CE2F61A1D85D8FE0043D3D1 /* ManitobaQuestions.plist in Resources */ = {isa = PBXBuildFile; fileRef = 7CE2F6191D85D8FE0043D3D1 /* ManitobaQuestions.plist */; };
		7CE2F61C1D85D9170043D3D1 /* NewfoundlandLabradorQuestions.plist in Resources */ = {isa = PBXBuildFile; fileRef = 7CE2F61B1D85D9170043D3D1 /* NewfoundlandLabradorQuestions.plist */; };
		7CE2F61E1D85D9340043D3D1 /* OntarioQuestions.plist in Resources */ = {isa = PBXBuildFile; fileRef = 7CE2F61D1D85D9340043D3D1 /* OntarioQuestions.plist */; };
		7CE2F6201D85D9500043D3D1 /* NewBrunswickQuestions.plist in Resources */ = {isa = PBXBuildFile; fileRef = 7CE2F61F1D85D9500043D3D1 /* NewBrunswickQuestions.plist */; };
		7CE2F6221D85D9680043D3D1 /* NorthernTerritoriesQuestions.plist in Resources */ = {isa = PBXBuildFile; fileRef = 7CE2F6211D85D9680043D3D1 /* NorthernTerritoriesQuestions.plist */; };
		7CE2F6241D85D97D0043D3D1 /* NunavutQuestions.plist in Resources */ = {isa = PBXBuildFile; fileRef = 7CE2F6231D85D97D0043D3D1 /* NunavutQuestions.plist */; };
		7CE2F6261D85D9B20043D3D1 /* YukonQuestions.plist in Resources */ = {isa = PBXBuildFile; fileRef = 7CE2F6251D85D9B20043D3D1 /* YukonQuestions.plist */; };
		7CE2F6281D8739400043D3D1 /* LandingPageViewController.swift in Sources */ = {isa = PBXBuildFile; fileRef = 7CE2F6271D8739400043D3D1 /* LandingPageViewController.swift */; };
		7CE2F62A1D87967C0043D3D1 /* NovaScotiaQuestions.plist in Resources */ = {isa = PBXBuildFile; fileRef = 7CE2F6291D87967C0043D3D1 /* NovaScotiaQuestions.plist */; };
/* End PBXBuildFile section */

/* Begin PBXFileReference section */
		7C7EDDF61D80959E0078B04C /* CanadianCitizenShipTest.app */ = {isa = PBXFileReference; explicitFileType = wrapper.application; includeInIndex = 0; path = CanadianCitizenShipTest.app; sourceTree = BUILT_PRODUCTS_DIR; };
		7C7EDDF91D80959E0078B04C /* AppDelegate.swift */ = {isa = PBXFileReference; lastKnownFileType = sourcecode.swift; path = AppDelegate.swift; sourceTree = "<group>"; };
		7C7EDDFE1D80959E0078B04C /* Base */ = {isa = PBXFileReference; lastKnownFileType = file.storyboard; name = Base; path = Base.lproj/Main.storyboard; sourceTree = "<group>"; };
		7C7EDE001D80959E0078B04C /* Assets.xcassets */ = {isa = PBXFileReference; lastKnownFileType = folder.assetcatalog; path = Assets.xcassets; sourceTree = "<group>"; };
		7C7EDE031D80959E0078B04C /* Base */ = {isa = PBXFileReference; lastKnownFileType = file.storyboard; name = Base; path = Base.lproj/LaunchScreen.storyboard; sourceTree = "<group>"; };
		7C7EDE051D80959E0078B04C /* Info.plist */ = {isa = PBXFileReference; lastKnownFileType = text.plist.xml; path = Info.plist; sourceTree = "<group>"; };
		7C7EDE0B1D8096320078B04C /* ProvincesViewController.swift */ = {isa = PBXFileReference; fileEncoding = 4; lastKnownFileType = sourcecode.swift; path = ProvincesViewController.swift; sourceTree = "<group>"; };
		7C7EDE101D8099310078B04C /* Colors.swift */ = {isa = PBXFileReference; fileEncoding = 4; lastKnownFileType = sourcecode.swift; path = Colors.swift; sourceTree = "<group>"; };
		7C7EDE121D809A6D0078B04C /* Fonts.swift */ = {isa = PBXFileReference; fileEncoding = 4; lastKnownFileType = sourcecode.swift; path = Fonts.swift; sourceTree = "<group>"; };
		7C7EDE141D80E34D0078B04C /* QuestionViewController.swift */ = {isa = PBXFileReference; fileEncoding = 4; lastKnownFileType = sourcecode.swift; path = QuestionViewController.swift; sourceTree = "<group>"; };
		7C7EDE161D80E3B10078B04C /* NumberQuestionsViewController.swift */ = {isa = PBXFileReference; fileEncoding = 4; lastKnownFileType = sourcecode.swift; name = NumberQuestionsViewController.swift; path = ../NumberQuestionsViewController.swift; sourceTree = "<group>"; };
		7CE2F60F1D8381940043D3D1 /* AlbertaQuestions.plist */ = {isa = PBXFileReference; fileEncoding = 4; lastKnownFileType = text.plist.xml; path = AlbertaQuestions.plist; sourceTree = "<group>"; };
		7CE2F6131D84D6670043D3D1 /* ScoreViewController.swift */ = {isa = PBXFileReference; fileEncoding = 4; lastKnownFileType = sourcecode.swift; path = ScoreViewController.swift; sourceTree = "<group>"; };
		7CE2F6151D84E2D60043D3D1 /* CounterView.swift */ = {isa = PBXFileReference; fileEncoding = 4; lastKnownFileType = sourcecode.swift; path = CounterView.swift; sourceTree = "<group>"; };
		7CE2F6171D85D8E50043D3D1 /* BritishColumbiaQuestions.plist */ = {isa = PBXFileReference; fileEncoding = 4; lastKnownFileType = text.plist.xml; path = BritishColumbiaQuestions.plist; sourceTree = "<group>"; };
		7CE2F6191D85D8FE0043D3D1 /* ManitobaQuestions.plist */ = {isa = PBXFileReference; fileEncoding = 4; lastKnownFileType = text.plist.xml; path = ManitobaQuestions.plist; sourceTree = "<group>"; };
		7CE2F61B1D85D9170043D3D1 /* NewfoundlandLabradorQuestions.plist */ = {isa = PBXFileReference; fileEncoding = 4; lastKnownFileType = text.plist.xml; path = NewfoundlandLabradorQuestions.plist; sourceTree = "<group>"; };
		7CE2F61D1D85D9340043D3D1 /* OntarioQuestions.plist */ = {isa = PBXFileReference; fileEncoding = 4; lastKnownFileType = text.plist.xml; path = OntarioQuestions.plist; sourceTree = "<group>"; };
		7CE2F61F1D85D9500043D3D1 /* NewBrunswickQuestions.plist */ = {isa = PBXFileReference; fileEncoding = 4; lastKnownFileType = text.plist.xml; path = NewBrunswickQuestions.plist; sourceTree = "<group>"; };
		7CE2F6211D85D9680043D3D1 /* NorthernTerritoriesQuestions.plist */ = {isa = PBXFileReference; fileEncoding = 4; lastKnownFileType = text.plist.xml; path = NorthernTerritoriesQuestions.plist; sourceTree = "<group>"; };
		7CE2F6231D85D97D0043D3D1 /* NunavutQuestions.plist */ = {isa = PBXFileReference; fileEncoding = 4; lastKnownFileType = text.plist.xml; path = NunavutQuestions.plist; sourceTree = "<group>"; };
		7CE2F6251D85D9B20043D3D1 /* YukonQuestions.plist */ = {isa = PBXFileReference; fileEncoding = 4; lastKnownFileType = text.plist.xml; path = YukonQuestions.plist; sourceTree = "<group>"; };
		7CE2F6271D8739400043D3D1 /* LandingPageViewController.swift */ = {isa = PBXFileReference; fileEncoding = 4; lastKnownFileType = sourcecode.swift; path = LandingPageViewController.swift; sourceTree = "<group>"; };
		7CE2F6291D87967C0043D3D1 /* NovaScotiaQuestions.plist */ = {isa = PBXFileReference; fileEncoding = 4; lastKnownFileType = text.plist.xml; path = NovaScotiaQuestions.plist; sourceTree = "<group>"; };
/* End PBXFileReference section */

/* Begin PBXFrameworksBuildPhase section */
		7C7EDDF31D80959E0078B04C /* Frameworks */ = {
			isa = PBXFrameworksBuildPhase;
			buildActionMask = 2147483647;
			files = (
			);
			runOnlyForDeploymentPostprocessing = 0;
		};
/* End PBXFrameworksBuildPhase section */

/* Begin PBXGroup section */
		7C7EDDED1D80959E0078B04C = {
			isa = PBXGroup;
			children = (
				7C7EDDF81D80959E0078B04C /* CanadianCitizenShipTest */,
				7C7EDDF71D80959E0078B04C /* Products */,
			);
			sourceTree = "<group>";
		};
		7C7EDDF71D80959E0078B04C /* Products */ = {
			isa = PBXGroup;
			children = (
				7C7EDDF61D80959E0078B04C /* CanadianCitizenShipTest.app */,
			);
			name = Products;
			sourceTree = "<group>";
		};
		7C7EDDF81D80959E0078B04C /* CanadianCitizenShipTest */ = {
			isa = PBXGroup;
			children = (
				7C7EDDF91D80959E0078B04C /* AppDelegate.swift */,
				7CE2F6271D8739400043D3D1 /* LandingPageViewController.swift */,
				7C7EDE0B1D8096320078B04C /* ProvincesViewController.swift */,
				7C7EDE161D80E3B10078B04C /* NumberQuestionsViewController.swift */,
				7C7EDE141D80E34D0078B04C /* QuestionViewController.swift */,
				7CE2F6131D84D6670043D3D1 /* ScoreViewController.swift */,
				7CE2F6151D84E2D60043D3D1 /* CounterView.swift */,
				7C7EDE0F1D8099210078B04C /* Standards */,
				7C7EDDFD1D80959E0078B04C /* Main.storyboard */,
				7C7EDE001D80959E0078B04C /* Assets.xcassets */,
				7C7EDE021D80959E0078B04C /* LaunchScreen.storyboard */,
				7C7EDE051D80959E0078B04C /* Info.plist */,
			);
			path = CanadianCitizenShipTest;
			sourceTree = "<group>";
		};
		7C7EDE0F1D8099210078B04C /* Standards */ = {
			isa = PBXGroup;
			children = (
				7C7EDE101D8099310078B04C /* Colors.swift */,
				7C7EDE121D809A6D0078B04C /* Fonts.swift */,
				7CE2F60F1D8381940043D3D1 /* AlbertaQuestions.plist */,
				7CE2F6171D85D8E50043D3D1 /* BritishColumbiaQuestions.plist */,
				7CE2F6191D85D8FE0043D3D1 /* ManitobaQuestions.plist */,
				7CE2F61B1D85D9170043D3D1 /* NewfoundlandLabradorQuestions.plist */,
				7CE2F61F1D85D9500043D3D1 /* NewBrunswickQuestions.plist */,
				7CE2F6211D85D9680043D3D1 /* NorthernTerritoriesQuestions.plist */,
				7CE2F6291D87967C0043D3D1 /* NovaScotiaQuestions.plist */,
				7CE2F6231D85D97D0043D3D1 /* NunavutQuestions.plist */,
				7CE2F61D1D85D9340043D3D1 /* OntarioQuestions.plist */,
				7CE2F6251D85D9B20043D3D1 /* YukonQuestions.plist */,
			);
			name = Standards;
			sourceTree = "<group>";
		};
/* End PBXGroup section */

/* Begin PBXNativeTarget section */
		7C7EDDF51D80959E0078B04C /* CanadianCitizenShipTest */ = {
			isa = PBXNativeTarget;
			buildConfigurationList = 7C7EDE081D80959E0078B04C /* Build configuration list for PBXNativeTarget "CanadianCitizenShipTest" */;
			buildPhases = (
				7C7EDDF21D80959E0078B04C /* Sources */,
				7C7EDDF31D80959E0078B04C /* Frameworks */,
				7C7EDDF41D80959E0078B04C /* Resources */,
			);
			buildRules = (
			);
			dependencies = (
			);
			name = CanadianCitizenShipTest;
			productName = CanadianCitizenShipTest;
			productReference = 7C7EDDF61D80959E0078B04C /* CanadianCitizenShipTest.app */;
			productType = "com.apple.product-type.application";
		};
/* End PBXNativeTarget section */

/* Begin PBXProject section */
		7C7EDDEE1D80959E0078B04C /* Project object */ = {
			isa = PBXProject;
			attributes = {
				LastSwiftUpdateCheck = 0730;
				LastUpgradeCheck = 0730;
				ORGANIZATIONNAME = Komrad;
				TargetAttributes = {
					7C7EDDF51D80959E0078B04C = {
						CreatedOnToolsVersion = 7.3.1;
						DevelopmentTeam = 24H26R49VE;
					};
				};
			};
			buildConfigurationList = 7C7EDDF11D80959E0078B04C /* Build configuration list for PBXProject "CanadianCitizenShipTest" */;
			compatibilityVersion = "Xcode 3.2";
			developmentRegion = English;
			hasScannedForEncodings = 0;
			knownRegions = (
				en,
				Base,
			);
			mainGroup = 7C7EDDED1D80959E0078B04C;
			productRefGroup = 7C7EDDF71D80959E0078B04C /* Products */;
			projectDirPath = "";
			projectRoot = "";
			targets = (
				7C7EDDF51D80959E0078B04C /* CanadianCitizenShipTest */,
			);
		};
/* End PBXProject section */

/* Begin PBXResourcesBuildPhase section */
		7C7EDDF41D80959E0078B04C /* Resources */ = {
			isa = PBXResourcesBuildPhase;
			buildActionMask = 2147483647;
			files = (
				7CE2F6201D85D9500043D3D1 /* NewBrunswickQuestions.plist in Resources */,
				7CE2F6221D85D9680043D3D1 /* NorthernTerritoriesQuestions.plist in Resources */,
				7CE2F6101D8381940043D3D1 /* AlbertaQuestions.plist in Resources */,
				7CE2F6261D85D9B20043D3D1 /* YukonQuestions.plist in Resources */,
				7CE2F61C1D85D9170043D3D1 /* NewfoundlandLabradorQuestions.plist in Resources */,
				7CE2F61A1D85D8FE0043D3D1 /* ManitobaQuestions.plist in Resources */,
				7C7EDE041D80959E0078B04C /* LaunchScreen.storyboard in Resources */,
				7C7EDE011D80959E0078B04C /* Assets.xcassets in Resources */,
				7C7EDDFF1D80959E0078B04C /* Main.storyboard in Resources */,
				7CE2F62A1D87967C0043D3D1 /* NovaScotiaQuestions.plist in Resources */,
				7CE2F6181D85D8E50043D3D1 /* BritishColumbiaQuestions.plist in Resources */,
				7CE2F6241D85D97D0043D3D1 /* NunavutQuestions.plist in Resources */,
				7CE2F61E1D85D9340043D3D1 /* OntarioQuestions.plist in Resources */,
			);
			runOnlyForDeploymentPostprocessing = 0;
		};
/* End PBXResourcesBuildPhase section */

/* Begin PBXSourcesBuildPhase section */
		7C7EDDF21D80959E0078B04C /* Sources */ = {
			isa = PBXSourcesBuildPhase;
			buildActionMask = 2147483647;
			files = (
				7C7EDE171D80E3B10078B04C /* NumberQuestionsViewController.swift in Sources */,
				7C7EDE111D8099310078B04C /* Colors.swift in Sources */,
				7C7EDE131D809A6D0078B04C /* Fonts.swift in Sources */,
				7C7EDE151D80E34D0078B04C /* QuestionViewController.swift in Sources */,
				7CE2F6281D8739400043D3D1 /* LandingPageViewController.swift in Sources */,
				7C7EDE0C1D8096320078B04C /* ProvincesViewController.swift in Sources */,
				7C7EDDFA1D80959E0078B04C /* AppDelegate.swift in Sources */,
				7CE2F6141D84D6670043D3D1 /* ScoreViewController.swift in Sources */,
				7CE2F6161D84E2D60043D3D1 /* CounterView.swift in Sources */,
			);
			runOnlyForDeploymentPostprocessing = 0;
		};
/* End PBXSourcesBuildPhase section */

/* Begin PBXVariantGroup section */
		7C7EDDFD1D80959E0078B04C /* Main.storyboard */ = {
			isa = PBXVariantGroup;
			children = (
				7C7EDDFE1D80959E0078B04C /* Base */,
			);
			name = Main.storyboard;
			sourceTree = "<group>";
		};
		7C7EDE021D80959E0078B04C /* LaunchScreen.storyboard */ = {
			isa = PBXVariantGroup;
			children = (
				7C7EDE031D80959E0078B04C /* Base */,
			);
			name = LaunchScreen.storyboard;
			sourceTree = "<group>";
		};
/* End PBXVariantGroup section */

/* Begin XCBuildConfiguration section */
		7C7EDE061D80959E0078B04C /* Debug */ = {
			isa = XCBuildConfiguration;
			buildSettings = {
				ALWAYS_SEARCH_USER_PATHS = NO;
				CLANG_ANALYZER_NONNULL = YES;
				CLANG_CXX_LANGUAGE_STANDARD = "gnu++0x";
				CLANG_CXX_LIBRARY = "libc++";
				CLANG_ENABLE_MODULES = YES;
				CLANG_ENABLE_OBJC_ARC = YES;
				CLANG_WARN_BOOL_CONVERSION = YES;
				CLANG_WARN_CONSTANT_CONVERSION = YES;
				CLANG_WARN_DIRECT_OBJC_ISA_USAGE = YES_ERROR;
				CLANG_WARN_EMPTY_BODY = YES;
				CLANG_WARN_ENUM_CONVERSION = YES;
				CLANG_WARN_INT_CONVERSION = YES;
				CLANG_WARN_OBJC_ROOT_CLASS = YES_ERROR;
				CLANG_WARN_UNREACHABLE_CODE = YES;
				CLANG_WARN__DUPLICATE_METHOD_MATCH = YES;
				"CODE_SIGN_IDENTITY[sdk=iphoneos*]" = "iPhone Developer";
				COPY_PHASE_STRIP = NO;
				DEBUG_INFORMATION_FORMAT = dwarf;
				ENABLE_STRICT_OBJC_MSGSEND = YES;
				ENABLE_TESTABILITY = YES;
				GCC_C_LANGUAGE_STANDARD = gnu99;
				GCC_DYNAMIC_NO_PIC = NO;
				GCC_NO_COMMON_BLOCKS = YES;
				GCC_OPTIMIZATION_LEVEL = 0;
				GCC_PREPROCESSOR_DEFINITIONS = (
					"DEBUG=1",
					"$(inherited)",
				);
				GCC_WARN_64_TO_32_BIT_CONVERSION = YES;
				GCC_WARN_ABOUT_RETURN_TYPE = YES_ERROR;
				GCC_WARN_UNDECLARED_SELECTOR = YES;
				GCC_WARN_UNINITIALIZED_AUTOS = YES_AGGRESSIVE;
				GCC_WARN_UNUSED_FUNCTION = YES;
				GCC_WARN_UNUSED_VARIABLE = YES;
				IPHONEOS_DEPLOYMENT_TARGET = 9.3;
				MTL_ENABLE_DEBUG_INFO = YES;
				ONLY_ACTIVE_ARCH = YES;
				SDKROOT = iphoneos;
				SWIFT_OPTIMIZATION_LEVEL = "-Onone";
				TARGETED_DEVICE_FAMILY = "1,2";
			};
			name = Debug;
		};
		7C7EDE071D80959E0078B04C /* Release */ = {
			isa = XCBuildConfiguration;
			buildSettings = {
				ALWAYS_SEARCH_USER_PATHS = NO;
				CLANG_ANALYZER_NONNULL = YES;
				CLANG_CXX_LANGUAGE_STANDARD = "gnu++0x";
				CLANG_CXX_LIBRARY = "libc++";
				CLANG_ENABLE_MODULES = YES;
				CLANG_ENABLE_OBJC_ARC = YES;
				CLANG_WARN_BOOL_CONVERSION = YES;
				CLANG_WARN_CONSTANT_CONVERSION = YES;
				CLANG_WARN_DIRECT_OBJC_ISA_USAGE = YES_ERROR;
				CLANG_WARN_EMPTY_BODY = YES;
				CLANG_WARN_ENUM_CONVERSION = YES;
				CLANG_WARN_INT_CONVERSION = YES;
				CLANG_WARN_OBJC_ROOT_CLASS = YES_ERROR;
				CLANG_WARN_UNREACHABLE_CODE = YES;
				CLANG_WARN__DUPLICATE_METHOD_MATCH = YES;
				"CODE_SIGN_IDENTITY[sdk=iphoneos*]" = "iPhone Developer";
				COPY_PHASE_STRIP = NO;
				DEBUG_INFORMATION_FORMAT = "dwarf-with-dsym";
				ENABLE_NS_ASSERTIONS = NO;
				ENABLE_STRICT_OBJC_MSGSEND = YES;
				GCC_C_LANGUAGE_STANDARD = gnu99;
				GCC_NO_COMMON_BLOCKS = YES;
				GCC_WARN_64_TO_32_BIT_CONVERSION = YES;
				GCC_WARN_ABOUT_RETURN_TYPE = YES_ERROR;
				GCC_WARN_UNDECLARED_SELECTOR = YES;
				GCC_WARN_UNINITIALIZED_AUTOS = YES_AGGRESSIVE;
				GCC_WARN_UNUSED_FUNCTION = YES;
				GCC_WARN_UNUSED_VARIABLE = YES;
				IPHONEOS_DEPLOYMENT_TARGET = 9.3;
				MTL_ENABLE_DEBUG_INFO = NO;
				SDKROOT = iphoneos;
				TARGETED_DEVICE_FAMILY = "1,2";
				VALIDATE_PRODUCT = YES;
			};
			name = Release;
		};
		7C7EDE091D80959E0078B04C /* Debug */ = {
			isa = XCBuildConfiguration;
			buildSettings = {
				ASSETCATALOG_COMPILER_APPICON_NAME = AppIcon;
				CODE_SIGN_IDENTITY = "iPhone Developer";
				INFOPLIST_FILE = CanadianCitizenShipTest/Info.plist;
				IPHONEOS_DEPLOYMENT_TARGET = 8.0;
				LD_RUNPATH_SEARCH_PATHS = "$(inherited) @executable_path/Frameworks";
				PRODUCT_BUNDLE_IDENTIFIER = "com.-Komrad.CanadianCitizenShipTest";
				PRODUCT_NAME = "$(TARGET_NAME)";
				TARGETED_DEVICE_FAMILY = "1,2";
			};
			name = Debug;
		};
		7C7EDE0A1D80959E0078B04C /* Release */ = {
			isa = XCBuildConfiguration;
			buildSettings = {
				ASSETCATALOG_COMPILER_APPICON_NAME = AppIcon;
				CODE_SIGN_IDENTITY = "iPhone Developer";
				INFOPLIST_FILE = CanadianCitizenShipTest/Info.plist;
				IPHONEOS_DEPLOYMENT_TARGET = 8.0;
				LD_RUNPATH_SEARCH_PATHS = "$(inherited) @executable_path/Frameworks";
				PRODUCT_BUNDLE_IDENTIFIER = "com.-Komrad.CanadianCitizenShipTest";
				PRODUCT_NAME = "$(TARGET_NAME)";
				TARGETED_DEVICE_FAMILY = "1,2";
			};
			name = Release;
		};
/* End XCBuildConfiguration section */

/* Begin XCConfigurationList section */
		7C7EDDF11D80959E0078B04C /* Build configuration list for PBXProject "CanadianCitizenShipTest" */ = {
			isa = XCConfigurationList;
			buildConfigurations = (
				7C7EDE061D80959E0078B04C /* Debug */,
				7C7EDE071D80959E0078B04C /* Release */,
			);
			defaultConfigurationIsVisible = 0;
			defaultConfigurationName = Release;
		};
		7C7EDE081D80959E0078B04C /* Build configuration list for PBXNativeTarget "CanadianCitizenShipTest" */ = {
			isa = XCConfigurationList;
			buildConfigurations = (
				7C7EDE091D80959E0078B04C /* Debug */,
				7C7EDE0A1D80959E0078B04C /* Release */,
			);
			defaultConfigurationIsVisible = 0;
			defaultConfigurationName = Release;
		};
/* End XCConfigurationList section */
	};
	rootObject = 7C7EDDEE1D80959E0078B04C /* Project object */;
}
